
Microsoft Visual Studio Solution File, Format Version 12.00
# Visual Studio Version 16
VisualStudioVersion = 16.0.31424.327
MinimumVisualStudioVersion = 10.0.40219.1
Project("{FAE04EC0-301F-11D3-BF4B-00C04F79EFBC}") = "RabbitMQ.CreateExcel", "RabbitMQ.CreateExcel\RabbitMQ.CreateExcel.csproj", "{B2820A62-1CF6-44FE-A6AD-B0A11BF1592E}"
EndProject
Global
	GlobalSection(SolutionConfigurationPlatforms) = preSolution
		Debug|Any CPU = Debug|Any CPU
		Release|Any CPU = Release|Any CPU
	EndGlobalSection
	GlobalSection(ProjectConfigurationPlatforms) = postSolution
		{B2820A62-1CF6-44FE-A6AD-B0A11BF1592E}.Debug|Any CPU.ActiveCfg = Debug|Any CPU
		{B2820A62-1CF6-44FE-A6AD-B0A11BF1592E}.Debug|Any CPU.Build.0 = Debug|Any CPU
		{B2820A62-1CF6-44FE-A6AD-B0A11BF1592E}.Release|Any CPU.ActiveCfg = Release|Any CPU
		{B2820A62-1CF6-44FE-A6AD-B0A11BF1592E}.Release|Any CPU.Build.0 = Release|Any CPU
	EndGlobalSection
	GlobalSection(SolutionProperties) = preSolution
		HideSolutionNode = FALSE
	EndGlobalSection
	GlobalSection(ExtensibilityGlobals) = postSolution
		SolutionGuid = {5108BBDB-878E-4CFC-893E-A49D1014D3D7}
	EndGlobalSection
EndGlobal
